
Microsoft Visual Studio Solution File, Format Version 12.00
# Visual Studio Version 16
VisualStudioVersion = 16.0.30523.141
MinimumVisualStudioVersion = 10.0.40219.1
Project("{FAE04EC0-301F-11D3-BF4B-00C04F79EFBC}") = "Sorter.Console", "Sorter.Console\Sorter.Console.csproj", "{A99B34AC-C83C-4455-8AAB-210D52E9E9E8}"
EndProject
Project("{9A19103F-16F7-4668-BE54-9A1E7A4F7556}") = "Sorter.Test", "Sorter.Test\Sorter.Test.csproj", "{DFFD0788-EF19-4305-8CB7-22829A88EADC}"
EndProject
Project("{9A19103F-16F7-4668-BE54-9A1E7A4F7556}") = "Sorter", "Sorter\Sorter.csproj", "{EE4F1717-7186-43A2-A5D5-5DA249A20C13}"
EndProject
Global
	GlobalSection(SolutionConfigurationPlatforms) = preSolution
		Debug|Any CPU = Debug|Any CPU
		Release|Any CPU = Release|Any CPU
	EndGlobalSection
	GlobalSection(ProjectConfigurationPlatforms) = postSolution
		{A99B34AC-C83C-4455-8AAB-210D52E9E9E8}.Debug|Any CPU.ActiveCfg = Debug|Any CPU
		{A99B34AC-C83C-4455-8AAB-210D52E9E9E8}.Debug|Any CPU.Build.0 = Debug|Any CPU
		{A99B34AC-C83C-4455-8AAB-210D52E9E9E8}.Release|Any CPU.ActiveCfg = Release|Any CPU
		{A99B34AC-C83C-4455-8AAB-210D52E9E9E8}.Release|Any CPU.Build.0 = Release|Any CPU
		{DFFD0788-EF19-4305-8CB7-22829A88EADC}.Debug|Any CPU.ActiveCfg = Debug|Any CPU
		{DFFD0788-EF19-4305-8CB7-22829A88EADC}.Debug|Any CPU.Build.0 = Debug|Any CPU
		{DFFD0788-EF19-4305-8CB7-22829A88EADC}.Release|Any CPU.ActiveCfg = Release|Any CPU
		{DFFD0788-EF19-4305-8CB7-22829A88EADC}.Release|Any CPU.Build.0 = Release|Any CPU
		{EE4F1717-7186-43A2-A5D5-5DA249A20C13}.Debug|Any CPU.ActiveCfg = Debug|Any CPU
		{EE4F1717-7186-43A2-A5D5-5DA249A20C13}.Debug|Any CPU.Build.0 = Debug|Any CPU
		{EE4F1717-7186-43A2-A5D5-5DA249A20C13}.Release|Any CPU.ActiveCfg = Release|Any CPU
		{EE4F1717-7186-43A2-A5D5-5DA249A20C13}.Release|Any CPU.Build.0 = Release|Any CPU
	EndGlobalSection
	GlobalSection(SolutionProperties) = preSolution
		HideSolutionNode = FALSE
	EndGlobalSection
	GlobalSection(ExtensibilityGlobals) = postSolution
		SolutionGuid = {54C7F820-466C-4455-8D5B-413F421AA82B}
	EndGlobalSection
EndGlobal
